{
  "nodes": {
    "brew-src": {
      "flake": false,
      "locked": {
        "lastModified": 1761551821,
        "narHash": "sha256-N3Zj73TAxclhLGgADbPVwcVrhYIBKUgAxjfQuOXre6s=",
        "owner": "Homebrew",
        "repo": "brew",
        "rev": "8f6719274133c5bcc24c058c5a6bcbb3b0cd48b3",
        "type": "github"
      },
      "original": {
        "owner": "Homebrew",
        "ref": "4.6.19",
        "repo": "brew",
        "type": "github"
      }
    },
    "darwin": {
      "inputs": {
        "nixpkgs": [
          "nixpkgs"
        ]
      },
      "locked": {
        "lastModified": 1762627886,
        "narHash": "sha256-/QLk1bzmbcqJt9sU43+y/3tHtXhAy0l8Ck0MoO2+evQ=",
        "owner": "nix-darwin",
        "repo": "nix-darwin",
        "rev": "5125a3cd414dc98bbe2c528227aa6b62ee61f733",
        "type": "github"
      },
      "original": {
        "owner": "nix-darwin",
        "ref": "master",
        "repo": "nix-darwin",
        "type": "github"
      }
    },
    "home-manager": {
      "inputs": {
        "nixpkgs": [
          "nixpkgs"
        ]
      },
      "locked": {
        "lastModified": 1762964643,
        "narHash": "sha256-RYHN8O/Aja59XDji6WSJZPkJpYVUfpSkyH+PEupBJqM=",
        "owner": "nix-community",
        "repo": "home-manager",
        "rev": "827f2a23373a774a8805f84ca5344654c31f354b",
        "type": "github"
      },
      "original": {
        "owner": "nix-community",
        "repo": "home-manager",
        "type": "github"
      }
    },
    "homebrew-cask": {
      "flake": false,
      "locked": {
        "lastModified": 1762987544,
        "narHash": "sha256-xbSF5ZyLqhVoHOiJdnhseWulC4S5NiPBOCOaPYCT3BY=",
        "owner": "homebrew",
        "repo": "homebrew-cask",
        "rev": "74dbcb0e86daaa437f7301d4804406e7819d4996",
        "type": "github"
      },
      "original": {
        "owner": "homebrew",
        "repo": "homebrew-cask",
        "type": "github"
      }
    },
    "homebrew-core": {
      "flake": false,
      "locked": {
        "lastModified": 1762984409,
        "narHash": "sha256-hp0R3Uu0ANMPcWd8Fjp9mnZyVuNJ7Vhp+OSvYvzyb7c=",
        "owner": "homebrew",
        "repo": "homebrew-core",
        "rev": "1baaaae6fb328a015d359253550609de6632c724",
        "type": "github"
      },
      "original": {
        "owner": "homebrew",
        "repo": "homebrew-core",
        "type": "github"
      }
    },
    "nix-homebrew": {
      "inputs": {
        "brew-src": "brew-src"
      },
      "locked": {
        "lastModified": 1761927470,
        "narHash": "sha256-KsFDGRGD8j1R6TvJ4HkebKsh3HXLY0XazanLrhO3wqE=",
        "owner": "zhaofengli",
        "repo": "nix-homebrew",
        "rev": "3cae36b3a17b09a66435291619dce8cf2c4728ca",
        "type": "github"
      },
      "original": {
        "owner": "zhaofengli",
        "repo": "nix-homebrew",
        "type": "github"
      }
    },
    "nixpkgs": {
      "locked": {
        "lastModified": 1762844143,
        "narHash": "sha256-SlybxLZ1/e4T2lb1czEtWVzDCVSTvk9WLwGhmxFmBxI=",
        "owner": "nixos",
        "repo": "nixpkgs",
        "rev": "9da7f1cf7f8a6e2a7cb3001b048546c92a8258b4",
        "type": "github"
      },
      "original": {
        "owner": "nixos",
        "ref": "nixos-unstable",
        "repo": "nixpkgs",
        "type": "github"
      }
    },
    "plasma-manager": {
      "inputs": {
        "home-manager": [
          "home-manager"
        ],
        "nixpkgs": [
          "nixpkgs"
        ]
      },
      "locked": {
        "lastModified": 1762784320,
        "narHash": "sha256-odsk96Erywk5hs0dhArF38zb7Oe0q6LZ70gXbxAPKno=",
        "owner": "nix-community",
        "repo": "plasma-manager",
        "rev": "7911a0f8a44c7e8b29d031be3149ee8943144321",
        "type": "github"
      },
      "original": {
        "owner": "nix-community",
        "repo": "plasma-manager",
        "type": "github"
      }
    },
    "root": {
      "inputs": {
        "darwin": "darwin",
        "home-manager": "home-manager",
        "homebrew-cask": "homebrew-cask",
        "homebrew-core": "homebrew-core",
        "nix-homebrew": "nix-homebrew",
        "nixpkgs": "nixpkgs",
        "plasma-manager": "plasma-manager"
      }
    }
  },
  "root": "root",
  "version": 7
}
