{
  "nodes": {
    "brew-src": {
      "flake": false,
      "locked": {
        "lastModified": 1761551821,
        "narHash": "sha256-N3Zj73TAxclhLGgADbPVwcVrhYIBKUgAxjfQuOXre6s=",
        "owner": "Homebrew",
        "repo": "brew",
        "rev": "8f6719274133c5bcc24c058c5a6bcbb3b0cd48b3",
        "type": "github"
      },
      "original": {
        "owner": "Homebrew",
        "ref": "4.6.19",
        "repo": "brew",
        "type": "github"
      }
    },
    "darwin": {
      "inputs": {
        "nixpkgs": [
          "nixpkgs"
        ]
      },
      "locked": {
        "lastModified": 1764161084,
        "narHash": "sha256-HN84sByg9FhJnojkGGDSrcjcbeioFWoNXfuyYfJ1kBE=",
        "owner": "nix-darwin",
        "repo": "nix-darwin",
        "rev": "e95de00a471d07435e0527ff4db092c84998698e",
        "type": "github"
      },
      "original": {
        "owner": "nix-darwin",
        "ref": "master",
        "repo": "nix-darwin",
        "type": "github"
      }
    },
    "home-manager": {
      "inputs": {
        "nixpkgs": [
          "nixpkgs"
        ]
      },
      "locked": {
        "lastModified": 1764194569,
        "narHash": "sha256-iUM9ktarEzThkayyZrzQ7oycPshAY2XRQqVKz0xX/L0=",
        "owner": "nix-community",
        "repo": "home-manager",
        "rev": "9651819d75f6c7ffaf8a9227490ac704f29659f0",
        "type": "github"
      },
      "original": {
        "owner": "nix-community",
        "repo": "home-manager",
        "type": "github"
      }
    },
    "homebrew-cask": {
      "flake": false,
      "locked": {
        "lastModified": 1764195911,
        "narHash": "sha256-216RCnFka/sjO+Y/Fr7xIGd8rt/5oIQSur86YKjjOlU=",
        "owner": "homebrew",
        "repo": "homebrew-cask",
        "rev": "80ebb24b52a963b11a641d938fbacd52e13dc424",
        "type": "github"
      },
      "original": {
        "owner": "homebrew",
        "repo": "homebrew-cask",
        "type": "github"
      }
    },
    "homebrew-core": {
      "flake": false,
      "locked": {
        "lastModified": 1764195988,
        "narHash": "sha256-8deELqXuiSFvWXKAtSUVja7Q4/p2gJJhdl8Rlsmz9mQ=",
        "owner": "homebrew",
        "repo": "homebrew-core",
        "rev": "068a1131262cf346fecc494f00e1e0ccddcb0ecb",
        "type": "github"
      },
      "original": {
        "owner": "homebrew",
        "repo": "homebrew-core",
        "type": "github"
      }
    },
    "nix-homebrew": {
      "inputs": {
        "brew-src": "brew-src"
      },
      "locked": {
        "lastModified": 1761927470,
        "narHash": "sha256-KsFDGRGD8j1R6TvJ4HkebKsh3HXLY0XazanLrhO3wqE=",
        "owner": "zhaofengli",
        "repo": "nix-homebrew",
        "rev": "3cae36b3a17b09a66435291619dce8cf2c4728ca",
        "type": "github"
      },
      "original": {
        "owner": "zhaofengli",
        "repo": "nix-homebrew",
        "type": "github"
      }
    },
    "nixpkgs": {
      "locked": {
        "lastModified": 1763966396,
        "narHash": "sha256-6eeL1YPcY1MV3DDStIDIdy/zZCDKgHdkCmsrLJFiZf0=",
        "owner": "nixos",
        "repo": "nixpkgs",
        "rev": "5ae3b07d8d6527c42f17c876e404993199144b6a",
        "type": "github"
      },
      "original": {
        "owner": "nixos",
        "ref": "nixos-unstable",
        "repo": "nixpkgs",
        "type": "github"
      }
    },
    "plasma-manager": {
      "inputs": {
        "home-manager": [
          "home-manager"
        ],
        "nixpkgs": [
          "nixpkgs"
        ]
      },
      "locked": {
        "lastModified": 1763909441,
        "narHash": "sha256-56LwV51TX/FhgX+5LCG6akQ5KrOWuKgcJa+eUsRMxsc=",
        "owner": "nix-community",
        "repo": "plasma-manager",
        "rev": "b24ed4b272256dfc1cc2291f89a9821d5f9e14b4",
        "type": "github"
      },
      "original": {
        "owner": "nix-community",
        "repo": "plasma-manager",
        "type": "github"
      }
    },
    "root": {
      "inputs": {
        "darwin": "darwin",
        "home-manager": "home-manager",
        "homebrew-cask": "homebrew-cask",
        "homebrew-core": "homebrew-core",
        "nix-homebrew": "nix-homebrew",
        "nixpkgs": "nixpkgs",
        "plasma-manager": "plasma-manager",
        "tap-borg-backup": "tap-borg-backup"
      }
    },
    "tap-borg-backup": {
      "flake": false,
      "locked": {
        "lastModified": 1765400043,
        "narHash": "sha256-ClqPR3LVEZRJb4HPnJAzOKrPKbb5gXNqkmhbWSDjyyQ=",
        "owner": "borgbackup",
        "repo": "homebrew-tap",
        "rev": "3b584094ea6e869958cb4be77395c0444291ad16",
        "type": "github"
      },
      "original": {
        "owner": "borgbackup",
        "repo": "homebrew-tap",
        "type": "github"
      }
    }
  },
  "root": "root",
  "version": 7
}
